// !$*UTF8*$!
{
	archiveVersion = 1;
	classes = {
	};
	objectVersion = 48;
	objects = {

/* Begin PBXBuildFile section */
		0FF885F71FB2323600843DAB /* main.c in Sources */ = {isa = PBXBuildFile; fileRef = 0FF885F61FB2323600843DAB /* main.c */; };
/* End PBXBuildFile section */

/* Begin PBXCopyFilesBuildPhase section */
		0FF885F11FB2323600843DAB /* CopyFiles */ = {
			isa = PBXCopyFilesBuildPhase;
			buildActionMask = 2147483647;
			dstPath = /usr/share/man/man1/;
			dstSubfolderSpec = 0;
			files = (
			);
			runOnlyForDeploymentPostprocessing = 1;
		};
/* End PBXCopyFilesBuildPhase section */

/* Begin PBXFileReference section */
		0FF885F31FB2323600843DAB /* AddressHash */ = {isa = PBXFileReference; explicitFileType = "compiled.mach-o.executable"; includeInIndex = 0; path = AddressHash; sourceTree = BUILT_PRODUCTS_DIR; };
		0FF885F61FB2323600843DAB /* main.c */ = {isa = PBXFileReference; lastKnownFileType = sourcecode.c.c; path = main.c; sourceTree = "<group>"; };
		0FF885FD1FB233A400843DAB /* 0words.txt */ = {isa = PBXFileReference; fileEncoding = 4; lastKnownFileType = text; name = 0words.txt; path = ../../ChefSteps1/ChefSteps1/0words.txt; sourceTree = "<group>"; };
		0FF885FE1FB233A400843DAB /* 1addr.txt */ = {isa = PBXFileReference; fileEncoding = 4; lastKnownFileType = text; name = 1addr.txt; path = ../../ChefSteps1/ChefSteps1/1addr.txt; sourceTree = "<group>"; };
		0FF885FF1FB233A400843DAB /* longaddress.txt */ = {isa = PBXFileReference; fileEncoding = 4; lastKnownFileType = text; name = longaddress.txt; path = ../../ChefSteps1/ChefSteps1/longaddress.txt; sourceTree = "<group>"; };
		0FF886001FB233A400843DAB /* 10kNoDups.txt */ = {isa = PBXFileReference; fileEncoding = 4; lastKnownFileType = text; name = 10kNoDups.txt; path = ../../ChefSteps1/ChefSteps1/10kNoDups.txt; sourceTree = "<group>"; };
		0FF886011FB233A400843DAB /* 17ext9dups.txt */ = {isa = PBXFileReference; fileEncoding = 4; lastKnownFileType = text; name = 17ext9dups.txt; path = ../../ChefSteps1/ChefSteps1/17ext9dups.txt; sourceTree = "<group>"; };
		0FF886021FB233A400843DAB /* 300kNoDups.txt */ = {isa = PBXFileReference; fileEncoding = 4; lastKnownFileType = text; name = 300kNoDups.txt; path = ../../ChefSteps1/ChefSteps1/300kNoDups.txt; sourceTree = "<group>"; };
		0FF886031FB233A400843DAB /* 1k275dups.txt */ = {isa = PBXFileReference; fileEncoding = 4; lastKnownFileType = text; name = 1k275dups.txt; path = ../../ChefSteps1/ChefSteps1/1k275dups.txt; sourceTree = "<group>"; };
		0FF886041FB233A400843DAB /* 5case20dups.txt */ = {isa = PBXFileReference; fileEncoding = 4; lastKnownFileType = text; name = 5case20dups.txt; path = ../../ChefSteps1/ChefSteps1/5case20dups.txt; sourceTree = "<group>"; };
		0FF886051FB233A500843DAB /* 100k49kDups.txt */ = {isa = PBXFileReference; fileEncoding = 4; lastKnownFileType = text; name = 100k49kDups.txt; path = ../../ChefSteps1/ChefSteps1/100k49kDups.txt; sourceTree = "<group>"; };
		0FF886061FB233A500843DAB /* 150kNoDups.txt */ = {isa = PBXFileReference; fileEncoding = 4; lastKnownFileType = text; name = 150kNoDups.txt; path = ../../ChefSteps1/ChefSteps1/150kNoDups.txt; sourceTree = "<group>"; };
		0FF886071FB233A500843DAB /* 100kNoDups.txt */ = {isa = PBXFileReference; fileEncoding = 4; lastKnownFileType = text; name = 100kNoDups.txt; path = ../../ChefSteps1/ChefSteps1/100kNoDups.txt; sourceTree = "<group>"; };
		0FF886081FB233A500843DAB /* 300k102kdups.txt */ = {isa = PBXFileReference; fileEncoding = 4; lastKnownFileType = text; name = 300k102kdups.txt; path = ../../ChefSteps1/ChefSteps1/300k102kdups.txt; sourceTree = "<group>"; };
		0FF886091FB233A500843DAB /* 10kAllDups.txt */ = {isa = PBXFileReference; fileEncoding = 4; lastKnownFileType = text; name = 10kAllDups.txt; path = ../../ChefSteps1/ChefSteps1/10kAllDups.txt; sourceTree = "<group>"; };
/* End PBXFileReference section */

/* Begin PBXFrameworksBuildPhase section */
		0FF885F01FB2323600843DAB /* Frameworks */ = {
			isa = PBXFrameworksBuildPhase;
			buildActionMask = 2147483647;
			files = (
			);
			runOnlyForDeploymentPostprocessing = 0;
		};
/* End PBXFrameworksBuildPhase section */

/* Begin PBXGroup section */
		0FF885EA1FB2323600843DAB = {
			isa = PBXGroup;
			children = (
				0FF885F51FB2323600843DAB /* AddressHash */,
				0FF885F41FB2323600843DAB /* Products */,
			);
			sourceTree = "<group>";
		};
		0FF885F41FB2323600843DAB /* Products */ = {
			isa = PBXGroup;
			children = (
				0FF885F31FB2323600843DAB /* AddressHash */,
			);
			name = Products;
			sourceTree = "<group>";
		};
		0FF885F51FB2323600843DAB /* AddressHash */ = {
			isa = PBXGroup;
			children = (
				0FF885F61FB2323600843DAB /* main.c */,
				0FF885FD1FB233A400843DAB /* 0words.txt */,
				0FF885FE1FB233A400843DAB /* 1addr.txt */,
				0FF886031FB233A400843DAB /* 1k275dups.txt */,
				0FF886041FB233A400843DAB /* 5case20dups.txt */,
				0FF886091FB233A500843DAB /* 10kAllDups.txt */,
				0FF886001FB233A400843DAB /* 10kNoDups.txt */,
				0FF886011FB233A400843DAB /* 17ext9dups.txt */,
				0FF886051FB233A500843DAB /* 100k49kDups.txt */,
				0FF886071FB233A500843DAB /* 100kNoDups.txt */,
				0FF886061FB233A500843DAB /* 150kNoDups.txt */,
				0FF886081FB233A500843DAB /* 300k102kdups.txt */,
				0FF886021FB233A400843DAB /* 300kNoDups.txt */,
				0FF885FF1FB233A400843DAB /* longaddress.txt */,
			);
			path = AddressHash;
			sourceTree = "<group>";
		};
/* End PBXGroup section */

/* Begin PBXNativeTarget section */
		0FF885F21FB2323600843DAB /* AddressHash */ = {
			isa = PBXNativeTarget;
			buildConfigurationList = 0FF885FA1FB2323600843DAB /* Build configuration list for PBXNativeTarget "AddressHash" */;
			buildPhases = (
				0FF885EF1FB2323600843DAB /* Sources */,
				0FF885F01FB2323600843DAB /* Frameworks */,
				0FF885F11FB2323600843DAB /* CopyFiles */,
			);
			buildRules = (
			);
			dependencies = (
			);
			name = AddressHash;
			productName = AddressHash;
			productReference = 0FF885F31FB2323600843DAB /* AddressHash */;
			productType = "com.apple.product-type.tool";
		};
/* End PBXNativeTarget section */

/* Begin PBXProject section */
		0FF885EB1FB2323600843DAB /* Project object */ = {
			isa = PBXProject;
			attributes = {
				LastUpgradeCheck = 0910;
				ORGANIZATIONNAME = "Brian Wiese";
				TargetAttributes = {
					0FF885F21FB2323600843DAB = {
						CreatedOnToolsVersion = 9.1;
						ProvisioningStyle = Automatic;
					};
				};
			};
			buildConfigurationList = 0FF885EE1FB2323600843DAB /* Build configuration list for PBXProject "AddressHash" */;
			compatibilityVersion = "Xcode 8.0";
			developmentRegion = en;
			hasScannedForEncodings = 0;
			knownRegions = (
				en,
			);
			mainGroup = 0FF885EA1FB2323600843DAB;
			productRefGroup = 0FF885F41FB2323600843DAB /* Products */;
			projectDirPath = "";
			projectRoot = "";
			targets = (
				0FF885F21FB2323600843DAB /* AddressHash */,
			);
		};
/* End PBXProject section */

/* Begin PBXSourcesBuildPhase section */
		0FF885EF1FB2323600843DAB /* Sources */ = {
			isa = PBXSourcesBuildPhase;
			buildActionMask = 2147483647;
			files = (
				0FF885F71FB2323600843DAB /* main.c in Sources */,
			);
			runOnlyForDeploymentPostprocessing = 0;
		};
/* End PBXSourcesBuildPhase section */

/* Begin XCBuildConfiguration section */
		0FF885F81FB2323600843DAB /* Debug */ = {
			isa = XCBuildConfiguration;
			buildSettings = {
				ALWAYS_SEARCH_USER_PATHS = NO;
				CLANG_ANALYZER_NONNULL = YES;
				CLANG_ANALYZER_NUMBER_OBJECT_CONVERSION = YES_AGGRESSIVE;
				CLANG_CXX_LANGUAGE_STANDARD = "gnu++14";
				CLANG_CXX_LIBRARY = "libc++";
				CLANG_ENABLE_MODULES = YES;
				CLANG_ENABLE_OBJC_ARC = YES;
				CLANG_WARN_BLOCK_CAPTURE_AUTORELEASING = YES;
				CLANG_WARN_BOOL_CONVERSION = YES;
				CLANG_WARN_COMMA = YES;
				CLANG_WARN_CONSTANT_CONVERSION = YES;
				CLANG_WARN_DIRECT_OBJC_ISA_USAGE = YES_ERROR;
				CLANG_WARN_DOCUMENTATION_COMMENTS = YES;
				CLANG_WARN_EMPTY_BODY = YES;
				CLANG_WARN_ENUM_CONVERSION = YES;
				CLANG_WARN_INFINITE_RECURSION = YES;
				CLANG_WARN_INT_CONVERSION = YES;
				CLANG_WARN_NON_LITERAL_NULL_CONVERSION = YES;
				CLANG_WARN_OBJC_LITERAL_CONVERSION = YES;
				CLANG_WARN_OBJC_ROOT_CLASS = YES_ERROR;
				CLANG_WARN_RANGE_LOOP_ANALYSIS = YES;
				CLANG_WARN_STRICT_PROTOTYPES = YES;
				CLANG_WARN_SUSPICIOUS_MOVE = YES;
				CLANG_WARN_UNGUARDED_AVAILABILITY = YES_AGGRESSIVE;
				CLANG_WARN_UNREACHABLE_CODE = YES;
				CLANG_WARN__DUPLICATE_METHOD_MATCH = YES;
				CODE_SIGN_IDENTITY = "-";
				COPY_PHASE_STRIP = NO;
				DEBUG_INFORMATION_FORMAT = dwarf;
				ENABLE_STRICT_OBJC_MSGSEND = YES;
				ENABLE_TESTABILITY = YES;
				GCC_C_LANGUAGE_STANDARD = gnu11;
				GCC_DYNAMIC_NO_PIC = NO;
				GCC_NO_COMMON_BLOCKS = YES;
				GCC_OPTIMIZATION_LEVEL = 0;
				GCC_PREPROCESSOR_DEFINITIONS = (
					"DEBUG=1",
					"$(inherited)",
				);
				GCC_WARN_64_TO_32_BIT_CONVERSION = YES;
				GCC_WARN_ABOUT_RETURN_TYPE = YES_ERROR;
				GCC_WARN_UNDECLARED_SELECTOR = YES;
				GCC_WARN_UNINITIALIZED_AUTOS = YES_AGGRESSIVE;
				GCC_WARN_UNUSED_FUNCTION = YES;
				GCC_WARN_UNUSED_VARIABLE = YES;
				MACOSX_DEPLOYMENT_TARGET = 10.12;
				MTL_ENABLE_DEBUG_INFO = YES;
				ONLY_ACTIVE_ARCH = YES;
				SDKROOT = macosx;
			};
			name = Debug;
		};
		0FF885F91FB2323600843DAB /* Release */ = {
			isa = XCBuildConfiguration;
			buildSettings = {
				ALWAYS_SEARCH_USER_PATHS = NO;
				CLANG_ANALYZER_NONNULL = YES;
				CLANG_ANALYZER_NUMBER_OBJECT_CONVERSION = YES_AGGRESSIVE;
				CLANG_CXX_LANGUAGE_STANDARD = "gnu++14";
				CLANG_CXX_LIBRARY = "libc++";
				CLANG_ENABLE_MODULES = YES;
				CLANG_ENABLE_OBJC_ARC = YES;
				CLANG_WARN_BLOCK_CAPTURE_AUTORELEASING = YES;
				CLANG_WARN_BOOL_CONVERSION = YES;
				CLANG_WARN_COMMA = YES;
				CLANG_WARN_CONSTANT_CONVERSION = YES;
				CLANG_WARN_DIRECT_OBJC_ISA_USAGE = YES_ERROR;
				CLANG_WARN_DOCUMENTATION_COMMENTS = YES;
				CLANG_WARN_EMPTY_BODY = YES;
				CLANG_WARN_ENUM_CONVERSION = YES;
				CLANG_WARN_INFINITE_RECURSION = YES;
				CLANG_WARN_INT_CONVERSION = YES;
				CLANG_WARN_NON_LITERAL_NULL_CONVERSION = YES;
				CLANG_WARN_OBJC_LITERAL_CONVERSION = YES;
				CLANG_WARN_OBJC_ROOT_CLASS = YES_ERROR;
				CLANG_WARN_RANGE_LOOP_ANALYSIS = YES;
				CLANG_WARN_STRICT_PROTOTYPES = YES;
				CLANG_WARN_SUSPICIOUS_MOVE = YES;
				CLANG_WARN_UNGUARDED_AVAILABILITY = YES_AGGRESSIVE;
				CLANG_WARN_UNREACHABLE_CODE = YES;
				CLANG_WARN__DUPLICATE_METHOD_MATCH = YES;
				CODE_SIGN_IDENTITY = "-";
				COPY_PHASE_STRIP = NO;
				DEBUG_INFORMATION_FORMAT = "dwarf-with-dsym";
				ENABLE_NS_ASSERTIONS = NO;
				ENABLE_STRICT_OBJC_MSGSEND = YES;
				GCC_C_LANGUAGE_STANDARD = gnu11;
				GCC_NO_COMMON_BLOCKS = YES;
				GCC_WARN_64_TO_32_BIT_CONVERSION = YES;
				GCC_WARN_ABOUT_RETURN_TYPE = YES_ERROR;
				GCC_WARN_UNDECLARED_SELECTOR = YES;
				GCC_WARN_UNINITIALIZED_AUTOS = YES_AGGRESSIVE;
				GCC_WARN_UNUSED_FUNCTION = YES;
				GCC_WARN_UNUSED_VARIABLE = YES;
				MACOSX_DEPLOYMENT_TARGET = 10.12;
				MTL_ENABLE_DEBUG_INFO = NO;
				SDKROOT = macosx;
			};
			name = Release;
		};
		0FF885FB1FB2323600843DAB /* Debug */ = {
			isa = XCBuildConfiguration;
			buildSettings = {
				CODE_SIGN_STYLE = Automatic;
				PRODUCT_NAME = "$(TARGET_NAME)";
			};
			name = Debug;
		};
		0FF885FC1FB2323600843DAB /* Release */ = {
			isa = XCBuildConfiguration;
			buildSettings = {
				CODE_SIGN_STYLE = Automatic;
				PRODUCT_NAME = "$(TARGET_NAME)";
			};
			name = Release;
		};
/* End XCBuildConfiguration section */

/* Begin XCConfigurationList section */
		0FF885EE1FB2323600843DAB /* Build configuration list for PBXProject "AddressHash" */ = {
			isa = XCConfigurationList;
			buildConfigurations = (
				0FF885F81FB2323600843DAB /* Debug */,
				0FF885F91FB2323600843DAB /* Release */,
			);
			defaultConfigurationIsVisible = 0;
			defaultConfigurationName = Release;
		};
		0FF885FA1FB2323600843DAB /* Build configuration list for PBXNativeTarget "AddressHash" */ = {
			isa = XCConfigurationList;
			buildConfigurations = (
				0FF885FB1FB2323600843DAB /* Debug */,
				0FF885FC1FB2323600843DAB /* Release */,
			);
			defaultConfigurationIsVisible = 0;
			defaultConfigurationName = Release;
		};
/* End XCConfigurationList section */
	};
	rootObject = 0FF885EB1FB2323600843DAB /* Project object */;
}
